{
  "requires": true,
  "lockfileVersion": 1,
  "dependencies": {
    "clboy-npm-test": {
      "version": "1.0.0",
      "resolved": "https://registry.npmjs.org/clboy-npm-test/-/clboy-npm-test-1.0.0.tgz",
      "integrity": "sha512-i3kubulC/9TwPun6/7f14BWILbaxaiAPLoaFDPgOH0nPS8lJF4aK2f3NpNkLLA2AqFsx2vpulE9bxg+QuR7yhw=="
    }
  }
}
